
Microsoft Visual Studio Solution File, Format Version 12.00
# Visual Studio 15
VisualStudioVersion = 15.0.27130.2036
MinimumVisualStudioVersion = 10.0.40219.1
Project("{FAE04EC0-301F-11D3-BF4B-00C04F79EFBC}") = "MouseSimulation", "MouseSimulation\MouseSimulation.csproj", "{8652A35D-EE59-460A-9BDD-9FA1B2208E2F}"
EndProject
Global
	GlobalSection(SolutionConfigurationPlatforms) = preSolution
		Debug|Any CPU = Debug|Any CPU
		Release|Any CPU = Release|Any CPU
	EndGlobalSection
	GlobalSection(ProjectConfigurationPlatforms) = postSolution
		{8652A35D-EE59-460A-9BDD-9FA1B2208E2F}.Debug|Any CPU.ActiveCfg = Debug|Any CPU
		{8652A35D-EE59-460A-9BDD-9FA1B2208E2F}.Debug|Any CPU.Build.0 = Debug|Any CPU
		{8652A35D-EE59-460A-9BDD-9FA1B2208E2F}.Release|Any CPU.ActiveCfg = Release|Any CPU
		{8652A35D-EE59-460A-9BDD-9FA1B2208E2F}.Release|Any CPU.Build.0 = Release|Any CPU
	EndGlobalSection
	GlobalSection(SolutionProperties) = preSolution
		HideSolutionNode = FALSE
	EndGlobalSection
	GlobalSection(ExtensibilityGlobals) = postSolution
		SolutionGuid = {1235B296-EAC2-4E9B-8A55-1A5138138308}
	EndGlobalSection
EndGlobal
